{
  "lockfileVersion": 2,
  "configVersion": 1,
  "workspaces": {
    "": {
      "name": "vlist-react",
      "devDependencies": {
        "@happy-dom/global-registrator": "^20.9.0",
        "@types/bun": "^1.0.0",
        "@types/react": "^19.2.13",
        "@types/react-dom": "^19",
        "bun": "^1.0.0",
        "react": "19.2.7",
        "react-dom": "19.2.7",
        "typescript": "^5.0.0",
        "vlist": "3.0.0-next.3",
      },
      "peerDependencies": {
        "react": ">=17.0.0",
        "vlist": "^3.0.0-next.3",
      },
    },
  },
  "packages": {
    "@happy-dom/global-registrator": ["@happy-dom/global-registrator@20.14.5", "", { "dependencies": { "@types/node": ">=20.0.0", "happy-dom": "^20.14.5" } }, "sha512-B05ID9DhSwLs6mlm1fzlkAtTIvB3duCvjJjfr19LBrlTK7VZtRjDqoTRIVv13GuYuNdhByu8LSZgThwV3Rkj7g=="],

    "@oven/bun-darwin-aarch64": ["@oven/bun-darwin-aarch64@1.4.2", "", { "os": "darwin", "cpu": "arm64" }, "sha512-MXdZkP1featqxZ+/VTXWG1BVjM4OGBehVY2Q88EeUj/7L0UMeCGItmyPYTN+wxvlGJ6F66JEtzsw+GvQWewnag=="],

    "@oven/bun-darwin-x64": ["@oven/bun-darwin-x64@1.4.2", "", { "os": "darwin", "cpu": "x64" }, "sha512-gZTxZuLjkUhAWjTETu3tw0WhsEdNkJ64daj60ybhPf835a2yollV3yTkK9JozvzKPx4TRFzLSl8C+U525pxVbw=="],

    "@oven/bun-freebsd-aarch64": ["@oven/bun-freebsd-aarch64@1.4.2", "", { "os": "freebsd", "cpu": "arm64" }, "sha512-SMNItMw1Z8QeeQVKnw8jA7xQNkeXdP+OPgin4Wi/QTx/B8RHHLnuZfqmFy7NtVeT2NF0kKYppW4WWd2CCYZjhQ=="],

    "@oven/bun-freebsd-x64": ["@oven/bun-freebsd-x64@1.4.2", "", { "os": "freebsd", "cpu": "x64" }, "sha512-THbPKXhO54N0DpFRKZNDZpQ7dpbX0bWASuARckAUS9wRtFIHsiY+uULXJvxJGo2YD1YewvXQ4G8Fj7XT5oBCiw=="],

    "@oven/bun-linux-aarch64": ["@oven/bun-linux-aarch64@1.4.2", "", { "os": "linux", "cpu": "arm64" }, "sha512-3BBP9ovJ2RGHFH6Ae1CAtxNtG1+YY6GD6rmYbsUosoAk9+OEl6zeDQ/k4fBkc6dYOJCtWnx8hUxzNzQATSmvYQ=="],

    "@oven/bun-linux-aarch64-android": ["@oven/bun-linux-aarch64-android@1.4.2", "", { "os": "android", "cpu": "arm64" }, "sha512-3mZKO2rhsNgbAUtAHC1UKUlF2zTxFraDZT/Elv8wzyH0fJL9h+Iv3TgB9lO63w89PRn3eFe+NRA1bhVgikKNPQ=="],

    "@oven/bun-linux-aarch64-musl": ["@oven/bun-linux-aarch64-musl@1.4.2", "", { "os": "linux", "cpu": "arm64" }, "sha512-+Sm6y+lSiSFBOtXmnekp5Q6n1tUKlyv71FCPWBc61Cgb14T5eBs8SN/nh4MUCOKzONkI3O+as3MGUgikS4aCBQ=="],

    "@oven/bun-linux-x64": ["@oven/bun-linux-x64@1.4.2", "", { "os": "linux", "cpu": "x64" }, "sha512-9/E/UXOTpSo3YsV5g+FhtTd/qTpiWoKuxS12cqtuYA1ssu9fRAoPQnipFgGyck3tWO63iUdxBiygq+kELFawng=="],

    "@oven/bun-linux-x64-android": ["@oven/bun-linux-x64-android@1.4.2", "", { "os": "android", "cpu": "x64" }, "sha512-6HC5tzcC79113n2IHCTJMWv+HsQImv4ZFEK2XpYLxY6HbT8tM4cUM2Zv1bHZBQsS3jv/zYBamDJ1UX7If0d5tw=="],

    "@oven/bun-linux-x64-musl": ["@oven/bun-linux-x64-musl@1.4.2", "", { "os": "linux", "cpu": "x64" }, "sha512-vVTKUg1bnPhRP/Hp73jIVoFh2vPFNYEqYX0ERKfZBOQEEHitNAeukZzzuUDZS0SoDCIpuWUGSpd/CDMbjdR+Uw=="],

    "@oven/bun-windows-aarch64": ["@oven/bun-windows-aarch64@1.4.2", "", { "os": "win32", "cpu": "arm64" }, "sha512-8EJ1ST7339WJE3poPW5nBgVW/lWf9HBz4W27ZUNhburKmcBLOByPyE6DP9fHD8FQGm5c+ilUN2hX1mrW0jxq9Q=="],

    "@oven/bun-windows-x64": ["@oven/bun-windows-x64@1.4.2", "", { "os": "win32", "cpu": "x64" }, "sha512-+bN6OuVld/9diT/RLSXSW7JE6CvNE3gL9XsAEjULi1nUsXd6DNO6GuA9jNdNb3r8PdJFnYHr5aypNV1Oj3Rd9g=="],

    "@types/bun": ["@types/bun@1.4.2", "", { "dependencies": { "bun-types": "1.4.2" } }, "sha512-GimotNn7+ZV0uVArItBbriZsR1oNf0+WTzPkdcFrzShI7k2norL0uzEaJT8T33dWr7O/c9ZDuAFQrctKCi72oQ=="],

    "@types/node": ["@types/node@26.6.1", "", { "dependencies": { "undici-types": "~8.9.0" } }, "sha512-VqGJBMCtdhqkBUCcBLvywI0NJ+KLuVzgNnlBUNFOQjqVxzo2lxLUNg1DSey8+u2u6ktswSAxg+s68QLzWHNOuA=="],

    "@types/react": ["@types/react@19.3.0", "", { "dependencies": { "csstype": "^3.2.2" } }, "sha512-N0rFCuH9YoxG9/m61l9MfpJKfmLOVU0em7ipIz6TRgSSkvReLB9vL85GB+yr8Bs5leqpvg96JSwF4ZS1s4viQg=="],

    "@types/react-dom": ["@types/react-dom@19.3.0", "", { "peerDependencies": { "@types/react": "^19.3.0" } }, "sha512-ZI7bU42mZXXKHn/qNLEw2IrbiINU7X5+vfgdixBHkCNpYWXjKgfQ/P+uyGb5CjOLB9UcnTeg3rylQtV2hym44Q=="],

    "@types/whatwg-mimetype": ["@types/whatwg-mimetype@3.0.2", "", {}, "sha512-c2AKvDT8ToxLIOUlN51gTiHXflsfIFisS4pO7pDPoKouJCESkhZnEy623gwP9laCy5lnLDAw1vAzu2vM2YLOrA=="],

    "@types/ws": ["@types/ws@8.18.1", "", { "dependencies": { "@types/node": "*" } }, "sha512-ThVF6DCVhA8kUGy+aazFQ4kXQ7E1Ty7A3ypFOe0IcJV8O/M511G99AW24irKrW56Wt44yG9+ij8FaqoBGkuBXg=="],

    "buffer-image-size": ["buffer-image-size@0.6.4", "", { "dependencies": { "@types/node": "*" } }, "sha512-nEh+kZOPY1w+gcCMobZ6ETUp9WfibndnosbpwB1iJk/8Gt5ZF2bhS6+B6bPYz424KtwsR6Rflc3tCz1/ghX2dQ=="],

    "bun": ["bun@1.4.2", "", { "optionalDependencies": { "@oven/bun-darwin-aarch64": "1.4.2", "@oven/bun-darwin-x64": "1.4.2", "@oven/bun-freebsd-aarch64": "1.4.2", "@oven/bun-freebsd-x64": "1.4.2", "@oven/bun-linux-aarch64": "1.4.2", "@oven/bun-linux-aarch64-android": "1.4.2", "@oven/bun-linux-aarch64-musl": "1.4.2", "@oven/bun-linux-x64": "1.4.2", "@oven/bun-linux-x64-android": "1.4.2", "@oven/bun-linux-x64-musl": "1.4.2", "@oven/bun-windows-aarch64": "1.4.2", "@oven/bun-windows-x64": "1.4.2" }, "os": [ "!aix", "!sunos", "!openbsd", ], "cpu": [ "x64", "arm64", ], "bin": { "bun": "bin/bun.exe", "bunx": "bin/bunx.exe" } }, "sha512-TrSXo6HJfIEaczpb3kjX82I2pL47vK1QUNmHRCUdz9IzaOwa9lzOXSWwu2l18YHE3sNfGRapVLd4nNm+22vVVA=="],

    "bun-types": ["bun-types@1.4.2", "", { "dependencies": { "@types/node": "*" } }, "sha512-bxV1FgK7yBIzjRe5zBozIM4Bem11ZJcCXSrjWRG3YWLt8yFDePu4cLjpebO8OvPeIE9trbyPF4fuj3Cia4Fj3w=="],

    "csstype": ["csstype@3.2.3", "", {}, "sha512-z1HGKcYy2xA8AGQfwrn0PAy+PB7X/GSj3UVJW9qKyn43xWa+gl5nXmU4qqLMRzWVLFC8KusUX8T/0kCiOYpAIQ=="],

    "entities": ["entities@7.0.1", "", {}, "sha512-TWrgLOFUQTH994YUyl1yT4uyavY5nNB5muff+RtWaqNVCAK408b5ZnnbNAUEWLTCpum9w6arT70i1XdQ4UeOPA=="],

    "happy-dom": ["happy-dom@20.14.5", "", { "dependencies": { "@types/node": ">=20.0.0", "@types/whatwg-mimetype": "^3.0.2", "@types/ws": "^8.18.1", "buffer-image-size": "^0.6.4", "entities": "^7.0.1", "whatwg-mimetype": "^3.0.0", "ws": "^8.21.0" } }, "sha512-x/RzkpWO40bTjIoT30iQtt64FLLmH/iRcUCN2X//bLx7H3ifkdfPXyqsro/OYtqzIAhiLMMA7mmiOR9C3NOKjQ=="],

    "react": ["react@19.2.7", "", {}, "sha512-HNe9WslTbXmFK8o8cmwgAeJFSBvt1bPdHCVKtaaV+WlAN36mpT4hcRpwbf3fY56ar2oIXzsBpOAiIRHAdY0OlQ=="],

    "react-dom": ["react-dom@19.2.7", "", { "dependencies": { "scheduler": "^0.27.0" }, "peerDependencies": { "react": "^19.2.7" } }, "sha512-t0BRVXvbiE/o20Hfw669rLbMCDWtYZLvmJigy2f0MxsXF+71pxhR3xOkspmsO8h3ZlNzyibAmtCa3l4lYKk6gQ=="],

    "scheduler": ["scheduler@0.27.0", "", {}, "sha512-eNv+WrVbKu1f3vbYJT/xtiF5syA5HPIMtf9IgY/nKg0sWqzAUEvqY/xm7OcZc/qafLx/iO9FgOmeSAp4v5ti/Q=="],

    "typescript": ["typescript@5.9.3", "", { "bin": { "tsc": "bin/tsc", "tsserver": "bin/tsserver" } }, "sha512-jl1vZzPDinLr9eUt3J/t7V6FgNEw9QjvBPdysz9KfQDD41fQrC2Y4vKQdiaUpFT4bXlb1RHhLpp8wtm6M5TgSw=="],

    "undici-types": ["undici-types@8.9.0", "", {}, "sha512-KTDyRTYX8sWmKXAikPHHSyc63CRPETMctyjKFupcC6OBLXT3xsN0e9aF7m+mIXutFWpUXuedtowG7iLOzp0kQg=="],

    "vlist": ["vlist@3.0.0-next.3", "", {}, "sha512-W+IN2W8EsJfTymWdXCLKmLADvwQP9avwUbOY4SA2nEi+4LCJ5ppcf4qx3cQVwlra0+P946yjGm9ihRUwFIAFmA=="],

    "whatwg-mimetype": ["whatwg-mimetype@3.0.0", "", {}, "sha512-nt+N2dzIutVRxARx1nghPKGv1xHikU7HKdfafKkLNLindmPU/ch3U31NOCGGA/dmPcmb1VlofO0vnKAcsm0o/Q=="],

    "ws": ["ws@8.21.3", "", { "peerDependencies": { "bufferutil": "^4.0.1", "utf-8-validate": ">=5.0.2" }, "optionalPeers": ["bufferutil", "utf-8-validate"] }, "sha512-201TZ/kPWxoPr/OKWjquZR1SWKXcvxdH+e1xrx89b3YbmzLMFCLfnaG1HFIgWzJOEWZ7MvpK++odZufgYR50Rw=="],
  }
}
